github.com/Elagoht/collage v0.53.0 h1:2O8bel0arBpQGMVZZgkn79vTl8k/kp/COBBCBotOPBA=
github.com/Elagoht/collage v0.53.0/go.mod h1:tyGWGpujZXtCFFxn9pjws85HOFOt4QdiuRswwQhj1Qw=
github.com/Elagoht/collage-indexnow v0.2.1 h1:Q+CglAtrFcJG2qoliOEq+wpsYrCG+BTh3POuTuaFlFo=
github.com/Elagoht/collage-indexnow v0.2.1/go.mod h1:xWEjKRKtULSF4D/S3CUA38pfLlxa7ex54gB5xdgD61Q=
github.com/Elagoht/collage-meta v0.2.2 h1:tqdK88pamsr/LLL0c0v1nPv6iHEIlqOJlwgQW4y5pGY=
github.com/Elagoht/collage-meta v0.2.2/go.mod h1:R7adyl8+wuakX4DBeXHvH+inPDINjsiY120W+T9pNIg=
github.com/Elagoht/collage-sitemap v0.2.1 h1:lBbEdM+/Z42zn3hQjuDd06KRe5fRRq3XbUWu6ylooi0=
github.com/Elagoht/collage-sitemap v0.2.1/go.mod h1:zIyxLPPy40hIMcoA09pyoIpp3za5rDiR/UbShrAqeow=
