github.com/Elagoht/collage v0.49.0 h1:kgvo+vpy9jWlKVIfvGNKHnjolWAHbke9s9jnQPJMUkM=
github.com/Elagoht/collage v0.49.0/go.mod h1:tyGWGpujZXtCFFxn9pjws85HOFOt4QdiuRswwQhj1Qw=
github.com/Elagoht/collage-indexnow v0.2.0 h1:0qEWK1GtM916eE6DAidXWZrg6+uJw6gEuAeHMihQcdw=
github.com/Elagoht/collage-indexnow v0.2.0/go.mod h1:nQ158b7PlGHjNB0jsBlNS6yDN16A5h93hX160K2TDQ8=
github.com/Elagoht/collage-meta v0.2.0 h1:aJ0UTOw8rLxartR7cQVCi7+b8jtExQKb9ws9U6bKO7E=
github.com/Elagoht/collage-meta v0.2.0/go.mod h1:+nlieaJl0EF/sIE30XKy3tKJ3x7+yrzNXKcfjJrbsJk=
github.com/Elagoht/collage-sitemap v0.2.0 h1:PHjbTbHjKV7tqzriHepnZgT6OhvQ36v2bdSCOuRvz+Y=
github.com/Elagoht/collage-sitemap v0.2.0/go.mod h1:bfRzvVd6nLCM37vJ3+M+kbK3Vq9emo32UqbAk4qh9yg=
